
Microsoft Visual Studio Solution File, Format Version 11.00
# Visual Studio 2010
Project("{FAE04EC0-301F-11D3-BF4B-00C04F79EFBC}") = "Umbraco.SourceFiles", "Umbraco.SourceFiles\Umbraco.SourceFiles.csproj", "{44957C6A-697A-4B30-94B4-C9FDED6BC14D}"
EndProject
Global
	GlobalSection(SolutionConfigurationPlatforms) = preSolution
		Debug|Any CPU = Debug|Any CPU
		Release|Any CPU = Release|Any CPU
	EndGlobalSection
	GlobalSection(ProjectConfigurationPlatforms) = postSolution
		{44957C6A-697A-4B30-94B4-C9FDED6BC14D}.Debug|Any CPU.ActiveCfg = Debug|Any CPU
		{44957C6A-697A-4B30-94B4-C9FDED6BC14D}.Debug|Any CPU.Build.0 = Debug|Any CPU
		{44957C6A-697A-4B30-94B4-C9FDED6BC14D}.Release|Any CPU.ActiveCfg = Release|Any CPU
		{44957C6A-697A-4B30-94B4-C9FDED6BC14D}.Release|Any CPU.Build.0 = Release|Any CPU
	EndGlobalSection
	GlobalSection(SolutionProperties) = preSolution
		HideSolutionNode = FALSE
	EndGlobalSection
EndGlobal
